
Microsoft Visual Studio Solution File, Format Version 12.00
# Visual Studio Version 17
VisualStudioVersion = 17.10.34928.147
MinimumVisualStudioVersion = 10.0.40219.1
Project("{FAE04EC0-301F-11D3-BF4B-00C04F79EFBC}") = "CampusFrance", "CampusFrance\CampusFrance.csproj", "{FA5B705E-184C-49B5-97CC-C9D6127AD02C}"
EndProject
Global
	GlobalSection(SolutionConfigurationPlatforms) = preSolution
		Debug|Any CPU = Debug|Any CPU
		Release|Any CPU = Release|Any CPU
	EndGlobalSection
	GlobalSection(ProjectConfigurationPlatforms) = postSolution
		{FA5B705E-184C-49B5-97CC-C9D6127AD02C}.Debug|Any CPU.ActiveCfg = Debug|Any CPU
		{FA5B705E-184C-49B5-97CC-C9D6127AD02C}.Debug|Any CPU.Build.0 = Debug|Any CPU
		{FA5B705E-184C-49B5-97CC-C9D6127AD02C}.Release|Any CPU.ActiveCfg = Release|Any CPU
		{FA5B705E-184C-49B5-97CC-C9D6127AD02C}.Release|Any CPU.Build.0 = Release|Any CPU
	EndGlobalSection
	GlobalSection(SolutionProperties) = preSolution
		HideSolutionNode = FALSE
	EndGlobalSection
	GlobalSection(ExtensibilityGlobals) = postSolution
		SolutionGuid = {DA77C066-FE15-4510-80F8-41025590E5F4}
	EndGlobalSection
EndGlobal
